// !$*UTF8*$!
{
	archiveVersion = 1;
	classes = {
	};
	objectVersion = 55;
	objects = {

/* Begin PBXBuildFile section */
		51CFC9E2293B4E7E00743BF3 /* AppDelegate.swift in Sources */ = {isa = PBXBuildFile; fileRef = 51CFC9E1293B4E7E00743BF3 /* AppDelegate.swift */; };
		51CFC9E4293B4E7E00743BF3 /* SceneDelegate.swift in Sources */ = {isa = PBXBuildFile; fileRef = 51CFC9E3293B4E7E00743BF3 /* SceneDelegate.swift */; };
		51CFC9E9293B4E7E00743BF3 /* Main.storyboard in Resources */ = {isa = PBXBuildFile; fileRef = 51CFC9E7293B4E7E00743BF3 /* Main.storyboard */; };
		51CFC9EC293B4E7E00743BF3 /* MyFoodJournal.xcdatamodeld in Sources */ = {isa = PBXBuildFile; fileRef = 51CFC9EA293B4E7E00743BF3 /* MyFoodJournal.xcdatamodeld */; };
		51CFC9EE293B4E8000743BF3 /* Assets.xcassets in Resources */ = {isa = PBXBuildFile; fileRef = 51CFC9ED293B4E8000743BF3 /* Assets.xcassets */; };
		51CFC9F1293B4E8000743BF3 /* LaunchScreen.storyboard in Resources */ = {isa = PBXBuildFile; fileRef = 51CFC9EF293B4E8000743BF3 /* LaunchScreen.storyboard */; };
		51CFCA22293B4F6200743BF3 /* MealTableViewCell.swift in Sources */ = {isa = PBXBuildFile; fileRef = 51CFCA20293B4F6200743BF3 /* MealTableViewCell.swift */; };
		51CFCA23293B4F6200743BF3 /* MainViewController.swift in Sources */ = {isa = PBXBuildFile; fileRef = 51CFCA1E293B4F6200743BF3 /* MainViewController.swift */; };
		51CFCA24293B4F6200743BF3 /* AddMealViewController.swift in Sources */ = {isa = PBXBuildFile; fileRef = 51CFCA1F293B4F6200743BF3 /* AddMealViewController.swift */; };
		51CFCA25293B4F6200743BF3 /* MealViewController.swift in Sources */ = {isa = PBXBuildFile; fileRef = 51CFCA21293B4F6200743BF3 /* MealViewController.swift */; };
		51CFCA28293B4FCB00743BF3 /* Meal.swift in Sources */ = {isa = PBXBuildFile; fileRef = 51CFCA27293B4FCB00743BF3 /* Meal.swift */; };
/* End PBXBuildFile section */

/* Begin PBXFileReference section */
		51CFC9DE293B4E7E00743BF3 /* MyFoodJournal.app */ = {isa = PBXFileReference; explicitFileType = wrapper.application; includeInIndex = 0; path = MyFoodJournal.app; sourceTree = BUILT_PRODUCTS_DIR; };
		51CFC9E1293B4E7E00743BF3 /* AppDelegate.swift */ = {isa = PBXFileReference; lastKnownFileType = sourcecode.swift; path = AppDelegate.swift; sourceTree = "<group>"; };
		51CFC9E3293B4E7E00743BF3 /* SceneDelegate.swift */ = {isa = PBXFileReference; lastKnownFileType = sourcecode.swift; path = SceneDelegate.swift; sourceTree = "<group>"; };
		51CFC9E8293B4E7E00743BF3 /* Base */ = {isa = PBXFileReference; lastKnownFileType = file.storyboard; name = Base; path = Base.lproj/Main.storyboard; sourceTree = "<group>"; };
		51CFC9EB293B4E7E00743BF3 /* MyFoodJournal.xcdatamodel */ = {isa = PBXFileReference; lastKnownFileType = wrapper.xcdatamodel; path = MyFoodJournal.xcdatamodel; sourceTree = "<group>"; };
		51CFC9ED293B4E8000743BF3 /* Assets.xcassets */ = {isa = PBXFileReference; lastKnownFileType = folder.assetcatalog; path = Assets.xcassets; sourceTree = "<group>"; };
		51CFC9F0293B4E8000743BF3 /* Base */ = {isa = PBXFileReference; lastKnownFileType = file.storyboard; name = Base; path = Base.lproj/LaunchScreen.storyboard; sourceTree = "<group>"; };
		51CFC9F2293B4E8000743BF3 /* Info.plist */ = {isa = PBXFileReference; lastKnownFileType = text.plist.xml; path = Info.plist; sourceTree = "<group>"; };
		51CFCA1E293B4F6200743BF3 /* MainViewController.swift */ = {isa = PBXFileReference; lastKnownFileType = sourcecode.swift; path = MainViewController.swift; sourceTree = "<group>"; };
		51CFCA1F293B4F6200743BF3 /* AddMealViewController.swift */ = {isa = PBXFileReference; lastKnownFileType = sourcecode.swift; path = AddMealViewController.swift; sourceTree = "<group>"; };
		51CFCA20293B4F6200743BF3 /* MealTableViewCell.swift */ = {isa = PBXFileReference; lastKnownFileType = sourcecode.swift; path = MealTableViewCell.swift; sourceTree = "<group>"; };
		51CFCA21293B4F6200743BF3 /* MealViewController.swift */ = {isa = PBXFileReference; lastKnownFileType = sourcecode.swift; path = MealViewController.swift; sourceTree = "<group>"; };
		51CFCA27293B4FCB00743BF3 /* Meal.swift */ = {isa = PBXFileReference; lastKnownFileType = sourcecode.swift; path = Meal.swift; sourceTree = "<group>"; };
/* End PBXFileReference section */

/* Begin PBXFrameworksBuildPhase section */
		51CFC9DB293B4E7E00743BF3 /* Frameworks */ = {
			isa = PBXFrameworksBuildPhase;
			buildActionMask = 2147483647;
			files = (
			);
			runOnlyForDeploymentPostprocessing = 0;
		};
/* End PBXFrameworksBuildPhase section */

/* Begin PBXGroup section */
		51CFC9D5293B4E7E00743BF3 = {
			isa = PBXGroup;
			children = (
				51CFC9E0293B4E7E00743BF3 /* MyFoodJournal */,
				51CFC9DF293B4E7E00743BF3 /* Products */,
			);
			sourceTree = "<group>";
		};
		51CFC9DF293B4E7E00743BF3 /* Products */ = {
			isa = PBXGroup;
			children = (
				51CFC9DE293B4E7E00743BF3 /* MyFoodJournal.app */,
			);
			name = Products;
			sourceTree = "<group>";
		};
		51CFC9E0293B4E7E00743BF3 /* MyFoodJournal */ = {
			isa = PBXGroup;
			children = (
				51CFC9E1293B4E7E00743BF3 /* AppDelegate.swift */,
				51CFC9E3293B4E7E00743BF3 /* SceneDelegate.swift */,
				51CFCA26293B4FCB00743BF3 /* Models */,
				51CFCA1D293B4F6200743BF3 /* Controllers */,
				51CFC9E7293B4E7E00743BF3 /* Main.storyboard */,
				51CFC9ED293B4E8000743BF3 /* Assets.xcassets */,
				51CFC9EF293B4E8000743BF3 /* LaunchScreen.storyboard */,
				51CFC9F2293B4E8000743BF3 /* Info.plist */,
				51CFC9EA293B4E7E00743BF3 /* MyFoodJournal.xcdatamodeld */,
			);
			path = MyFoodJournal;
			sourceTree = "<group>";
		};
		51CFCA1D293B4F6200743BF3 /* Controllers */ = {
			isa = PBXGroup;
			children = (
				51CFCA20293B4F6200743BF3 /* MealTableViewCell.swift */,
				51CFCA1E293B4F6200743BF3 /* MainViewController.swift */,
				51CFCA1F293B4F6200743BF3 /* AddMealViewController.swift */,
				51CFCA21293B4F6200743BF3 /* MealViewController.swift */,
			);
			path = Controllers;
			sourceTree = "<group>";
		};
		51CFCA26293B4FCB00743BF3 /* Models */ = {
			isa = PBXGroup;
			children = (
				51CFCA27293B4FCB00743BF3 /* Meal.swift */,
			);
			path = Models;
			sourceTree = "<group>";
		};
/* End PBXGroup section */

/* Begin PBXNativeTarget section */
		51CFC9DD293B4E7E00743BF3 /* MyFoodJournal */ = {
			isa = PBXNativeTarget;
			buildConfigurationList = 51CFC9F5293B4E8000743BF3 /* Build configuration list for PBXNativeTarget "MyFoodJournal" */;
			buildPhases = (
				51CFC9DA293B4E7E00743BF3 /* Sources */,
				51CFC9DB293B4E7E00743BF3 /* Frameworks */,
				51CFC9DC293B4E7E00743BF3 /* Resources */,
			);
			buildRules = (
			);
			dependencies = (
			);
			name = MyFoodJournal;
			productName = MyFoodJournal;
			productReference = 51CFC9DE293B4E7E00743BF3 /* MyFoodJournal.app */;
			productType = "com.apple.product-type.application";
		};
/* End PBXNativeTarget section */

/* Begin PBXProject section */
		51CFC9D6293B4E7E00743BF3 /* Project object */ = {
			isa = PBXProject;
			attributes = {
				BuildIndependentTargetsInParallel = 1;
				LastSwiftUpdateCheck = 1340;
				LastUpgradeCheck = 1340;
				TargetAttributes = {
					51CFC9DD293B4E7E00743BF3 = {
						CreatedOnToolsVersion = 13.4.1;
					};
				};
			};
			buildConfigurationList = 51CFC9D9293B4E7E00743BF3 /* Build configuration list for PBXProject "MyFoodJournal" */;
			compatibilityVersion = "Xcode 13.0";
			developmentRegion = en;
			hasScannedForEncodings = 0;
			knownRegions = (
				en,
				Base,
			);
			mainGroup = 51CFC9D5293B4E7E00743BF3;
			productRefGroup = 51CFC9DF293B4E7E00743BF3 /* Products */;
			projectDirPath = "";
			projectRoot = "";
			targets = (
				51CFC9DD293B4E7E00743BF3 /* MyFoodJournal */,
			);
		};
/* End PBXProject section */

/* Begin PBXResourcesBuildPhase section */
		51CFC9DC293B4E7E00743BF3 /* Resources */ = {
			isa = PBXResourcesBuildPhase;
			buildActionMask = 2147483647;
			files = (
				51CFC9F1293B4E8000743BF3 /* LaunchScreen.storyboard in Resources */,
				51CFC9EE293B4E8000743BF3 /* Assets.xcassets in Resources */,
				51CFC9E9293B4E7E00743BF3 /* Main.storyboard in Resources */,
			);
			runOnlyForDeploymentPostprocessing = 0;
		};
/* End PBXResourcesBuildPhase section */

/* Begin PBXSourcesBuildPhase section */
		51CFC9DA293B4E7E00743BF3 /* Sources */ = {
			isa = PBXSourcesBuildPhase;
			buildActionMask = 2147483647;
			files = (
				51CFCA23293B4F6200743BF3 /* MainViewController.swift in Sources */,
				51CFC9E2293B4E7E00743BF3 /* AppDelegate.swift in Sources */,
				51CFCA28293B4FCB00743BF3 /* Meal.swift in Sources */,
				51CFC9E4293B4E7E00743BF3 /* SceneDelegate.swift in Sources */,
				51CFCA22293B4F6200743BF3 /* MealTableViewCell.swift in Sources */,
				51CFC9EC293B4E7E00743BF3 /* MyFoodJournal.xcdatamodeld in Sources */,
				51CFCA25293B4F6200743BF3 /* MealViewController.swift in Sources */,
				51CFCA24293B4F6200743BF3 /* AddMealViewController.swift in Sources */,
			);
			runOnlyForDeploymentPostprocessing = 0;
		};
/* End PBXSourcesBuildPhase section */

/* Begin PBXVariantGroup section */
		51CFC9E7293B4E7E00743BF3 /* Main.storyboard */ = {
			isa = PBXVariantGroup;
			children = (
				51CFC9E8293B4E7E00743BF3 /* Base */,
			);
			name = Main.storyboard;
			sourceTree = "<group>";
		};
		51CFC9EF293B4E8000743BF3 /* LaunchScreen.storyboard */ = {
			isa = PBXVariantGroup;
			children = (
				51CFC9F0293B4E8000743BF3 /* Base */,
			);
			name = LaunchScreen.storyboard;
			sourceTree = "<group>";
		};
/* End PBXVariantGroup section */

/* Begin XCBuildConfiguration section */
		51CFC9F3293B4E8000743BF3 /* Debug */ = {
			isa = XCBuildConfiguration;
			buildSettings = {
				ALWAYS_SEARCH_USER_PATHS = NO;
				CLANG_ANALYZER_NONNULL = YES;
				CLANG_ANALYZER_NUMBER_OBJECT_CONVERSION = YES_AGGRESSIVE;
				CLANG_CXX_LANGUAGE_STANDARD = "gnu++17";
				CLANG_ENABLE_MODULES = YES;
				CLANG_ENABLE_OBJC_ARC = YES;
				CLANG_ENABLE_OBJC_WEAK = YES;
				CLANG_WARN_BLOCK_CAPTURE_AUTORELEASING = YES;
				CLANG_WARN_BOOL_CONVERSION = YES;
				CLANG_WARN_COMMA = YES;
				CLANG_WARN_CONSTANT_CONVERSION = YES;
				CLANG_WARN_DEPRECATED_OBJC_IMPLEMENTATIONS = YES;
				CLANG_WARN_DIRECT_OBJC_ISA_USAGE = YES_ERROR;
				CLANG_WARN_DOCUMENTATION_COMMENTS = YES;
				CLANG_WARN_EMPTY_BODY = YES;
				CLANG_WARN_ENUM_CONVERSION = YES;
				CLANG_WARN_INFINITE_RECURSION = YES;
				CLANG_WARN_INT_CONVERSION = YES;
				CLANG_WARN_NON_LITERAL_NULL_CONVERSION = YES;
				CLANG_WARN_OBJC_IMPLICIT_RETAIN_SELF = YES;
				CLANG_WARN_OBJC_LITERAL_CONVERSION = YES;
				CLANG_WARN_OBJC_ROOT_CLASS = YES_ERROR;
				CLANG_WARN_QUOTED_INCLUDE_IN_FRAMEWORK_HEADER = YES;
				CLANG_WARN_RANGE_LOOP_ANALYSIS = YES;
				CLANG_WARN_STRICT_PROTOTYPES = YES;
				CLANG_WARN_SUSPICIOUS_MOVE = YES;
				CLANG_WARN_UNGUARDED_AVAILABILITY = YES_AGGRESSIVE;
				CLANG_WARN_UNREACHABLE_CODE = YES;
				CLANG_WARN__DUPLICATE_METHOD_MATCH = YES;
				COPY_PHASE_STRIP = NO;
				DEBUG_INFORMATION_FORMAT = dwarf;
				ENABLE_STRICT_OBJC_MSGSEND = YES;
				ENABLE_TESTABILITY = YES;
				GCC_C_LANGUAGE_STANDARD = gnu11;
				GCC_DYNAMIC_NO_PIC = NO;
				GCC_NO_COMMON_BLOCKS = YES;
				GCC_OPTIMIZATION_LEVEL = 0;
				GCC_PREPROCESSOR_DEFINITIONS = (
					"DEBUG=1",
					"$(inherited)",
				);
				GCC_WARN_64_TO_32_BIT_CONVERSION = YES;
				GCC_WARN_ABOUT_RETURN_TYPE = YES_ERROR;
				GCC_WARN_UNDECLARED_SELECTOR = YES;
				GCC_WARN_UNINITIALIZED_AUTOS = YES_AGGRESSIVE;
				GCC_WARN_UNUSED_FUNCTION = YES;
				GCC_WARN_UNUSED_VARIABLE = YES;
				IPHONEOS_DEPLOYMENT_TARGET = 15.5;
				MTL_ENABLE_DEBUG_INFO = INCLUDE_SOURCE;
				MTL_FAST_MATH = YES;
				ONLY_ACTIVE_ARCH = YES;
				SDKROOT = iphoneos;
				SWIFT_ACTIVE_COMPILATION_CONDITIONS = DEBUG;
				SWIFT_OPTIMIZATION_LEVEL = "-Onone";
			};
			name = Debug;
		};
		51CFC9F4293B4E8000743BF3 /* Release */ = {
			isa = XCBuildConfiguration;
			buildSettings = {
				ALWAYS_SEARCH_USER_PATHS = NO;
				CLANG_ANALYZER_NONNULL = YES;
				CLANG_ANALYZER_NUMBER_OBJECT_CONVERSION = YES_AGGRESSIVE;
				CLANG_CXX_LANGUAGE_STANDARD = "gnu++17";
				CLANG_ENABLE_MODULES = YES;
				CLANG_ENABLE_OBJC_ARC = YES;
				CLANG_ENABLE_OBJC_WEAK = YES;
				CLANG_WARN_BLOCK_CAPTURE_AUTORELEASING = YES;
				CLANG_WARN_BOOL_CONVERSION = YES;
				CLANG_WARN_COMMA = YES;
				CLANG_WARN_CONSTANT_CONVERSION = YES;
				CLANG_WARN_DEPRECATED_OBJC_IMPLEMENTATIONS = YES;
				CLANG_WARN_DIRECT_OBJC_ISA_USAGE = YES_ERROR;
				CLANG_WARN_DOCUMENTATION_COMMENTS = YES;
				CLANG_WARN_EMPTY_BODY = YES;
				CLANG_WARN_ENUM_CONVERSION = YES;
				CLANG_WARN_INFINITE_RECURSION = YES;
				CLANG_WARN_INT_CONVERSION = YES;
				CLANG_WARN_NON_LITERAL_NULL_CONVERSION = YES;
				CLANG_WARN_OBJC_IMPLICIT_RETAIN_SELF = YES;
				CLANG_WARN_OBJC_LITERAL_CONVERSION = YES;
				CLANG_WARN_OBJC_ROOT_CLASS = YES_ERROR;
				CLANG_WARN_QUOTED_INCLUDE_IN_FRAMEWORK_HEADER = YES;
				CLANG_WARN_RANGE_LOOP_ANALYSIS = YES;
				CLANG_WARN_STRICT_PROTOTYPES = YES;
				CLANG_WARN_SUSPICIOUS_MOVE = YES;
				CLANG_WARN_UNGUARDED_AVAILABILITY = YES_AGGRESSIVE;
				CLANG_WARN_UNREACHABLE_CODE = YES;
				CLANG_WARN__DUPLICATE_METHOD_MATCH = YES;
				COPY_PHASE_STRIP = NO;
				DEBUG_INFORMATION_FORMAT = "dwarf-with-dsym";
				ENABLE_NS_ASSERTIONS = NO;
				ENABLE_STRICT_OBJC_MSGSEND = YES;
				GCC_C_LANGUAGE_STANDARD = gnu11;
				GCC_NO_COMMON_BLOCKS = YES;
				GCC_WARN_64_TO_32_BIT_CONVERSION = YES;
				GCC_WARN_ABOUT_RETURN_TYPE = YES_ERROR;
				GCC_WARN_UNDECLARED_SELECTOR = YES;
				GCC_WARN_UNINITIALIZED_AUTOS = YES_AGGRESSIVE;
				GCC_WARN_UNUSED_FUNCTION = YES;
				GCC_WARN_UNUSED_VARIABLE = YES;
				IPHONEOS_DEPLOYMENT_TARGET = 15.5;
				MTL_ENABLE_DEBUG_INFO = NO;
				MTL_FAST_MATH = YES;
				SDKROOT = iphoneos;
				SWIFT_COMPILATION_MODE = wholemodule;
				SWIFT_OPTIMIZATION_LEVEL = "-O";
				VALIDATE_PRODUCT = YES;
			};
			name = Release;
		};
		51CFC9F6293B4E8000743BF3 /* Debug */ = {
			isa = XCBuildConfiguration;
			buildSettings = {
				ASSETCATALOG_COMPILER_APPICON_NAME = AppIcon;
				ASSETCATALOG_COMPILER_GLOBAL_ACCENT_COLOR_NAME = AccentColor;
				CODE_SIGN_STYLE = Automatic;
				CURRENT_PROJECT_VERSION = 1;
				GENERATE_INFOPLIST_FILE = YES;
				INFOPLIST_FILE = MyFoodJournal/Info.plist;
				INFOPLIST_KEY_UIApplicationSupportsIndirectInputEvents = YES;
				INFOPLIST_KEY_UILaunchStoryboardName = LaunchScreen;
				INFOPLIST_KEY_UIMainStoryboardFile = Main;
				INFOPLIST_KEY_UISupportedInterfaceOrientations_iPad = "UIInterfaceOrientationPortrait UIInterfaceOrientationPortraitUpsideDown UIInterfaceOrientationLandscapeLeft UIInterfaceOrientationLandscapeRight";
				INFOPLIST_KEY_UISupportedInterfaceOrientations_iPhone = "UIInterfaceOrientationPortrait UIInterfaceOrientationLandscapeLeft UIInterfaceOrientationLandscapeRight";
				LD_RUNPATH_SEARCH_PATHS = (
					"$(inherited)",
					"@executable_path/Frameworks",
				);
				MARKETING_VERSION = 1.0;
				PRODUCT_BUNDLE_IDENTIFIER = com.eliascreates.MyFoodJournal;
				PRODUCT_NAME = "$(TARGET_NAME)";
				SWIFT_EMIT_LOC_STRINGS = YES;
				SWIFT_VERSION = 5.0;
				TARGETED_DEVICE_FAMILY = "1,2";
			};
			name = Debug;
		};
		51CFC9F7293B4E8000743BF3 /* Release */ = {
			isa = XCBuildConfiguration;
			buildSettings = {
				ASSETCATALOG_COMPILER_APPICON_NAME = AppIcon;
				ASSETCATALOG_COMPILER_GLOBAL_ACCENT_COLOR_NAME = AccentColor;
				CODE_SIGN_STYLE = Automatic;
				CURRENT_PROJECT_VERSION = 1;
				GENERATE_INFOPLIST_FILE = YES;
				INFOPLIST_FILE = MyFoodJournal/Info.plist;
				INFOPLIST_KEY_UIApplicationSupportsIndirectInputEvents = YES;
				INFOPLIST_KEY_UILaunchStoryboardName = LaunchScreen;
				INFOPLIST_KEY_UIMainStoryboardFile = Main;
				INFOPLIST_KEY_UISupportedInterfaceOrientations_iPad = "UIInterfaceOrientationPortrait UIInterfaceOrientationPortraitUpsideDown UIInterfaceOrientationLandscapeLeft UIInterfaceOrientationLandscapeRight";
				INFOPLIST_KEY_UISupportedInterfaceOrientations_iPhone = "UIInterfaceOrientationPortrait UIInterfaceOrientationLandscapeLeft UIInterfaceOrientationLandscapeRight";
				LD_RUNPATH_SEARCH_PATHS = (
					"$(inherited)",
					"@executable_path/Frameworks",
				);
				MARKETING_VERSION = 1.0;
				PRODUCT_BUNDLE_IDENTIFIER = com.eliascreates.MyFoodJournal;
				PRODUCT_NAME = "$(TARGET_NAME)";
				SWIFT_EMIT_LOC_STRINGS = YES;
				SWIFT_VERSION = 5.0;
				TARGETED_DEVICE_FAMILY = "1,2";
			};
			name = Release;
		};
/* End XCBuildConfiguration section */

/* Begin XCConfigurationList section */
		51CFC9D9293B4E7E00743BF3 /* Build configuration list for PBXProject "MyFoodJournal" */ = {
			isa = XCConfigurationList;
			buildConfigurations = (
				51CFC9F3293B4E8000743BF3 /* Debug */,
				51CFC9F4293B4E8000743BF3 /* Release */,
			);
			defaultConfigurationIsVisible = 0;
			defaultConfigurationName = Release;
		};
		51CFC9F5293B4E8000743BF3 /* Build configuration list for PBXNativeTarget "MyFoodJournal" */ = {
			isa = XCConfigurationList;
			buildConfigurations = (
				51CFC9F6293B4E8000743BF3 /* Debug */,
				51CFC9F7293B4E8000743BF3 /* Release */,
			);
			defaultConfigurationIsVisible = 0;
			defaultConfigurationName = Release;
		};
/* End XCConfigurationList section */

/* Begin XCVersionGroup section */
		51CFC9EA293B4E7E00743BF3 /* MyFoodJournal.xcdatamodeld */ = {
			isa = XCVersionGroup;
			children = (
				51CFC9EB293B4E7E00743BF3 /* MyFoodJournal.xcdatamodel */,
			);
			currentVersion = 51CFC9EB293B4E7E00743BF3 /* MyFoodJournal.xcdatamodel */;
			path = MyFoodJournal.xcdatamodeld;
			sourceTree = "<group>";
			versionGroupType = wrapper.xcdatamodel;
		};
/* End XCVersionGroup section */
	};
	rootObject = 51CFC9D6293B4E7E00743BF3 /* Project object */;
}
